
Microsoft Visual Studio Solution File, Format Version 12.00
# Visual Studio 2013
VisualStudioVersion = 12.0.30501.0
MinimumVisualStudioVersion = 10.0.40219.1
Project("{FAE04EC0-301F-11D3-BF4B-00C04F79EFBC}") = "Seaal.Mih.Helper.LeagueApi", "Seaal.Mih.Helper.LeagueApi\Seaal.Mih.Helper.LeagueApi.csproj", "{98F32981-82C6-4DCE-93AA-50D5DBF2BB6D}"
EndProject
Project("{FAE04EC0-301F-11D3-BF4B-00C04F79EFBC}") = "Seaal.Mih.Helper", "Seaal.Mih.Helper\Seaal.Mih.Helper.csproj", "{C8E310A3-96A4-4B89-B86B-05AD0ECA330A}"
EndProject
Project("{FAE04EC0-301F-11D3-BF4B-00C04F79EFBC}") = "Seaal.Mih.Helper.WinForms", "Seaal.Mih.Helper.WinForms\Seaal.Mih.Helper.WinForms.csproj", "{1D96BA43-3F10-4119-8D3E-1CF22217D6DD}"
EndProject
Project("{FAE04EC0-301F-11D3-BF4B-00C04F79EFBC}") = "Seaal.Mih.Helper.Tests", "Seaal.Mih.Helper.Tests\Seaal.Mih.Helper.Tests.csproj", "{E70091EF-6DF3-4AE8-AB71-8450F07DF36A}"
EndProject
Global
	GlobalSection(SolutionConfigurationPlatforms) = preSolution
		Debug|Any CPU = Debug|Any CPU
		Release|Any CPU = Release|Any CPU
	EndGlobalSection
	GlobalSection(ProjectConfigurationPlatforms) = postSolution
		{98F32981-82C6-4DCE-93AA-50D5DBF2BB6D}.Debug|Any CPU.ActiveCfg = Debug|Any CPU
		{98F32981-82C6-4DCE-93AA-50D5DBF2BB6D}.Debug|Any CPU.Build.0 = Debug|Any CPU
		{98F32981-82C6-4DCE-93AA-50D5DBF2BB6D}.Release|Any CPU.ActiveCfg = Release|Any CPU
		{98F32981-82C6-4DCE-93AA-50D5DBF2BB6D}.Release|Any CPU.Build.0 = Release|Any CPU
		{C8E310A3-96A4-4B89-B86B-05AD0ECA330A}.Debug|Any CPU.ActiveCfg = Debug|Any CPU
		{C8E310A3-96A4-4B89-B86B-05AD0ECA330A}.Debug|Any CPU.Build.0 = Debug|Any CPU
		{C8E310A3-96A4-4B89-B86B-05AD0ECA330A}.Release|Any CPU.ActiveCfg = Release|Any CPU
		{C8E310A3-96A4-4B89-B86B-05AD0ECA330A}.Release|Any CPU.Build.0 = Release|Any CPU
		{1D96BA43-3F10-4119-8D3E-1CF22217D6DD}.Debug|Any CPU.ActiveCfg = Debug|Any CPU
		{1D96BA43-3F10-4119-8D3E-1CF22217D6DD}.Debug|Any CPU.Build.0 = Debug|Any CPU
		{1D96BA43-3F10-4119-8D3E-1CF22217D6DD}.Release|Any CPU.ActiveCfg = Release|Any CPU
		{1D96BA43-3F10-4119-8D3E-1CF22217D6DD}.Release|Any CPU.Build.0 = Release|Any CPU
		{E70091EF-6DF3-4AE8-AB71-8450F07DF36A}.Debug|Any CPU.ActiveCfg = Debug|Any CPU
		{E70091EF-6DF3-4AE8-AB71-8450F07DF36A}.Debug|Any CPU.Build.0 = Debug|Any CPU
		{E70091EF-6DF3-4AE8-AB71-8450F07DF36A}.Release|Any CPU.ActiveCfg = Release|Any CPU
		{E70091EF-6DF3-4AE8-AB71-8450F07DF36A}.Release|Any CPU.Build.0 = Release|Any CPU
	EndGlobalSection
	GlobalSection(SolutionProperties) = preSolution
		HideSolutionNode = FALSE
	EndGlobalSection
EndGlobal
